
Microsoft Visual Studio Solution File, Format Version 12.00
# Visual Studio Version 17
VisualStudioVersion = 17.14.36623.8 d17.14
MinimumVisualStudioVersion = 10.0.40219.1
Project("{FAE04EC0-301F-11D3-BF4B-00C04F79EFBC}") = "AtlasViewer", "AtlasViewer.csproj", "{897F1405-AF20-597F-DF64-5C3D1DE1ABDA}"
EndProject
Global
	GlobalSection(SolutionConfigurationPlatforms) = preSolution
		Debug|Any CPU = Debug|Any CPU
		Release|Any CPU = Release|Any CPU
	EndGlobalSection
	GlobalSection(ProjectConfigurationPlatforms) = postSolution
		{897F1405-AF20-597F-DF64-5C3D1DE1ABDA}.Debug|Any CPU.ActiveCfg = Debug|Any CPU
		{897F1405-AF20-597F-DF64-5C3D1DE1ABDA}.Debug|Any CPU.Build.0 = Debug|Any CPU
		{897F1405-AF20-597F-DF64-5C3D1DE1ABDA}.Release|Any CPU.ActiveCfg = Release|Any CPU
		{897F1405-AF20-597F-DF64-5C3D1DE1ABDA}.Release|Any CPU.Build.0 = Release|Any CPU
	EndGlobalSection
	GlobalSection(SolutionProperties) = preSolution
		HideSolutionNode = FALSE
	EndGlobalSection
	GlobalSection(ExtensibilityGlobals) = postSolution
		SolutionGuid = {983B3031-31E0-4BD1-9A91-64CCCCA3ACBF}
	EndGlobalSection
EndGlobal
